# This file is automatically @generated by Cargo.
# It is not intended for manual editing.
version = 4

[[package]]
name = "chaperone-audit"
version = "0.1.0"

[[package]]
name = "chaperone-cli"
version = "0.1.0"
dependencies = [
 "chaperone-protocol",
]

[[package]]
name = "chaperone-gateway-core"
version = "0.1.0"

[[package]]
name = "chaperone-identity"
version = "0.1.0"

[[package]]
name = "chaperone-injectors"
version = "0.1.0"

[[package]]
name = "chaperone-policy"
version = "0.1.0"

[[package]]
name = "chaperone-privileged-helper"
version = "0.1.0"

[[package]]
name = "chaperone-protocol"
version = "0.1.0"

[[package]]
name = "chaperone-transport"
version = "0.1.0"

[[package]]
name = "chaperone-vault"
version = "0.1.0"
